
Microsoft Visual Studio Solution File, Format Version 12.00
# Visual Studio 2012
Project("{FAE04EC0-301F-11D3-BF4B-00C04F79EFBC}") = "GarageBooker", "GarageBooker\GarageBooker.csproj", "{845EC998-9FC8-4A0D-BA29-5AEF640989B3}"
EndProject
Project("{FAE04EC0-301F-11D3-BF4B-00C04F79EFBC}") = "UnitTestGarage", "UnitTestGarage\UnitTestGarage.csproj", "{8177C26A-6D20-4A11-8F43-0D2478FA0228}"
EndProject
Project("{FAE04EC0-301F-11D3-BF4B-00C04F79EFBC}") = "UnitTestWithMoq", "UnitTestWithMoq\UnitTestWithMoq.csproj", "{BFA07E27-3AF7-4369-900A-A7FD0BDB648C}"
EndProject
Global
	GlobalSection(SolutionConfigurationPlatforms) = preSolution
		Debug|Any CPU = Debug|Any CPU
		Release|Any CPU = Release|Any CPU
	EndGlobalSection
	GlobalSection(ProjectConfigurationPlatforms) = postSolution
		{845EC998-9FC8-4A0D-BA29-5AEF640989B3}.Debug|Any CPU.ActiveCfg = Debug|Any CPU
		{845EC998-9FC8-4A0D-BA29-5AEF640989B3}.Debug|Any CPU.Build.0 = Debug|Any CPU
		{845EC998-9FC8-4A0D-BA29-5AEF640989B3}.Release|Any CPU.ActiveCfg = Release|Any CPU
		{845EC998-9FC8-4A0D-BA29-5AEF640989B3}.Release|Any CPU.Build.0 = Release|Any CPU
		{8177C26A-6D20-4A11-8F43-0D2478FA0228}.Debug|Any CPU.ActiveCfg = Debug|Any CPU
		{8177C26A-6D20-4A11-8F43-0D2478FA0228}.Debug|Any CPU.Build.0 = Debug|Any CPU
		{8177C26A-6D20-4A11-8F43-0D2478FA0228}.Release|Any CPU.ActiveCfg = Release|Any CPU
		{8177C26A-6D20-4A11-8F43-0D2478FA0228}.Release|Any CPU.Build.0 = Release|Any CPU
		{BFA07E27-3AF7-4369-900A-A7FD0BDB648C}.Debug|Any CPU.ActiveCfg = Debug|Any CPU
		{BFA07E27-3AF7-4369-900A-A7FD0BDB648C}.Debug|Any CPU.Build.0 = Debug|Any CPU
		{BFA07E27-3AF7-4369-900A-A7FD0BDB648C}.Release|Any CPU.ActiveCfg = Release|Any CPU
		{BFA07E27-3AF7-4369-900A-A7FD0BDB648C}.Release|Any CPU.Build.0 = Release|Any CPU
	EndGlobalSection
	GlobalSection(SolutionProperties) = preSolution
		HideSolutionNode = FALSE
	EndGlobalSection
EndGlobal
